
Microsoft Visual Studio Solution File, Format Version 12.00
# Visual Studio Version 17
VisualStudioVersion = 17.12.35521.163 d17.12
MinimumVisualStudioVersion = 10.0.40219.1
Project("{FAE04EC0-301F-11D3-BF4B-00C04F79EFBC}") = "MySqlGuid", "src\MySqlGuid\MySqlGuid.csproj", "{736DCFA1-AB26-4291-822E-F8697357BF8F}"
EndProject
Project("{FAE04EC0-301F-11D3-BF4B-00C04F79EFBC}") = "MySqlGuid.Tests", "tests\MySqlGuid.Tests\MySqlGuid.Tests.csproj", "{0BA8C498-2411-4EE0-A412-2B3CB0986923}"
EndProject
Project("{2150E333-8FDC-42A3-9474-1A3956D46DE8}") = "assets", "assets", "{3F343DF5-FD23-4D50-83A1-3D308FF77FE3}"
	ProjectSection(SolutionItems) = preProject
		azure-pipelines.yml = azure-pipelines.yml
		assets\icon.png = assets\icon.png
		README.md = README.md
	EndProjectSection
EndProject
Global
	GlobalSection(SolutionConfigurationPlatforms) = preSolution
		Debug|Any CPU = Debug|Any CPU
		Release|Any CPU = Release|Any CPU
	EndGlobalSection
	GlobalSection(ProjectConfigurationPlatforms) = postSolution
		{736DCFA1-AB26-4291-822E-F8697357BF8F}.Debug|Any CPU.ActiveCfg = Debug|Any CPU
		{736DCFA1-AB26-4291-822E-F8697357BF8F}.Debug|Any CPU.Build.0 = Debug|Any CPU
		{736DCFA1-AB26-4291-822E-F8697357BF8F}.Release|Any CPU.ActiveCfg = Release|Any CPU
		{736DCFA1-AB26-4291-822E-F8697357BF8F}.Release|Any CPU.Build.0 = Release|Any CPU
		{0BA8C498-2411-4EE0-A412-2B3CB0986923}.Debug|Any CPU.ActiveCfg = Debug|Any CPU
		{0BA8C498-2411-4EE0-A412-2B3CB0986923}.Debug|Any CPU.Build.0 = Debug|Any CPU
		{0BA8C498-2411-4EE0-A412-2B3CB0986923}.Release|Any CPU.ActiveCfg = Release|Any CPU
		{0BA8C498-2411-4EE0-A412-2B3CB0986923}.Release|Any CPU.Build.0 = Release|Any CPU
	EndGlobalSection
	GlobalSection(SolutionProperties) = preSolution
		HideSolutionNode = FALSE
	EndGlobalSection
EndGlobal
